// !$*UTF8*$!
{
	archiveVersion = 1;
	classes = {
	};
	objectVersion = 46;
	objects = {

/* Begin PBXBuildFile section */
		C3328F3216B2DAFF00451DAA /* UIKit.framework in Frameworks */ = {isa = PBXBuildFile; fileRef = C3328F3116B2DAFF00451DAA /* UIKit.framework */; };
		C3328F3416B2DAFF00451DAA /* Foundation.framework in Frameworks */ = {isa = PBXBuildFile; fileRef = C3328F3316B2DAFF00451DAA /* Foundation.framework */; };
		C3328F3616B2DAFF00451DAA /* CoreGraphics.framework in Frameworks */ = {isa = PBXBuildFile; fileRef = C3328F3516B2DAFF00451DAA /* CoreGraphics.framework */; };
		C36318DE16B2E1CB006BC6F1 /* AppDelegate.m in Sources */ = {isa = PBXBuildFile; fileRef = C36318D916B2E1CB006BC6F1 /* AppDelegate.m */; };
		C36318DF16B2E1CB006BC6F1 /* BDKViewController.m in Sources */ = {isa = PBXBuildFile; fileRef = C36318DB16B2E1CB006BC6F1 /* BDKViewController.m */; };
		C36318E016B2E1CB006BC6F1 /* main.m in Sources */ = {isa = PBXBuildFile; fileRef = C36318DC16B2E1CB006BC6F1 /* main.m */; };
		C36318EC16B2E1D2006BC6F1 /* Default-568h@2x.png in Resources */ = {isa = PBXBuildFile; fileRef = C36318E216B2E1D2006BC6F1 /* Default-568h@2x.png */; };
		C36318ED16B2E1D2006BC6F1 /* Default.png in Resources */ = {isa = PBXBuildFile; fileRef = C36318E316B2E1D2006BC6F1 /* Default.png */; };
		C36318EE16B2E1D2006BC6F1 /* Default@2x.png in Resources */ = {isa = PBXBuildFile; fileRef = C36318E416B2E1D2006BC6F1 /* Default@2x.png */; };
		C36318EF16B2E1D2006BC6F1 /* InfoPlist.strings in Resources */ = {isa = PBXBuildFile; fileRef = C36318E516B2E1D2006BC6F1 /* InfoPlist.strings */; };
		C363190116B2E22A006BC6F1 /* Icon-72.png in Resources */ = {isa = PBXBuildFile; fileRef = C36318FD16B2E22A006BC6F1 /* Icon-72.png */; };
		C363190216B2E22A006BC6F1 /* Icon-72@2x.png in Resources */ = {isa = PBXBuildFile; fileRef = C36318FE16B2E22A006BC6F1 /* Icon-72@2x.png */; };
		C363190316B2E22A006BC6F1 /* Icon.png in Resources */ = {isa = PBXBuildFile; fileRef = C36318FF16B2E22A006BC6F1 /* Icon.png */; };
		C363190416B2E22A006BC6F1 /* Icon@2x.png in Resources */ = {isa = PBXBuildFile; fileRef = C363190016B2E22A006BC6F1 /* Icon@2x.png */; };
		C363190816B2E317006BC6F1 /* BDKActionSheet.m in Sources */ = {isa = PBXBuildFile; fileRef = C363190716B2E317006BC6F1 /* BDKActionSheet.m */; };
		C363191516B2EA08006BC6F1 /* BDKGradientView.m in Sources */ = {isa = PBXBuildFile; fileRef = C363191416B2EA08006BC6F1 /* BDKGradientView.m */; };
		C363191B16B2FC09006BC6F1 /* QuartzCore.framework in Frameworks */ = {isa = PBXBuildFile; fileRef = C363191A16B2FC09006BC6F1 /* QuartzCore.framework */; };
/* End PBXBuildFile section */

/* Begin PBXFileReference section */
		C3328F2D16B2DAFF00451DAA /* BDKActionSheet.app */ = {isa = PBXFileReference; explicitFileType = wrapper.application; includeInIndex = 0; path = BDKActionSheet.app; sourceTree = BUILT_PRODUCTS_DIR; };
		C3328F3116B2DAFF00451DAA /* UIKit.framework */ = {isa = PBXFileReference; lastKnownFileType = wrapper.framework; name = UIKit.framework; path = System/Library/Frameworks/UIKit.framework; sourceTree = SDKROOT; };
		C3328F3316B2DAFF00451DAA /* Foundation.framework */ = {isa = PBXFileReference; lastKnownFileType = wrapper.framework; name = Foundation.framework; path = System/Library/Frameworks/Foundation.framework; sourceTree = SDKROOT; };
		C3328F3516B2DAFF00451DAA /* CoreGraphics.framework */ = {isa = PBXFileReference; lastKnownFileType = wrapper.framework; name = CoreGraphics.framework; path = System/Library/Frameworks/CoreGraphics.framework; sourceTree = SDKROOT; };
		C36318D816B2E1CB006BC6F1 /* AppDelegate.h */ = {isa = PBXFileReference; fileEncoding = 4; lastKnownFileType = sourcecode.c.h; name = AppDelegate.h; path = BDKActionSheet/AppDelegate.h; sourceTree = "<group>"; };
		C36318D916B2E1CB006BC6F1 /* AppDelegate.m */ = {isa = PBXFileReference; fileEncoding = 4; lastKnownFileType = sourcecode.c.objc; name = AppDelegate.m; path = BDKActionSheet/AppDelegate.m; sourceTree = "<group>"; };
		C36318DA16B2E1CB006BC6F1 /* BDKViewController.h */ = {isa = PBXFileReference; fileEncoding = 4; lastKnownFileType = sourcecode.c.h; name = BDKViewController.h; path = BDKActionSheet/BDKViewController.h; sourceTree = "<group>"; };
		C36318DB16B2E1CB006BC6F1 /* BDKViewController.m */ = {isa = PBXFileReference; fileEncoding = 4; lastKnownFileType = sourcecode.c.objc; name = BDKViewController.m; path = BDKActionSheet/BDKViewController.m; sourceTree = "<group>"; };
		C36318DC16B2E1CB006BC6F1 /* main.m */ = {isa = PBXFileReference; fileEncoding = 4; lastKnownFileType = sourcecode.c.objc; name = main.m; path = BDKActionSheet/main.m; sourceTree = "<group>"; };
		C36318DD16B2E1CB006BC6F1 /* Prefix.pch */ = {isa = PBXFileReference; fileEncoding = 4; lastKnownFileType = sourcecode.c.h; name = Prefix.pch; path = BDKActionSheet/Prefix.pch; sourceTree = "<group>"; };
		C36318E216B2E1D2006BC6F1 /* Default-568h@2x.png */ = {isa = PBXFileReference; lastKnownFileType = image.png; path = "Default-568h@2x.png"; sourceTree = "<group>"; };
		C36318E316B2E1D2006BC6F1 /* Default.png */ = {isa = PBXFileReference; lastKnownFileType = image.png; path = Default.png; sourceTree = "<group>"; };
		C36318E416B2E1D2006BC6F1 /* Default@2x.png */ = {isa = PBXFileReference; lastKnownFileType = image.png; path = "Default@2x.png"; sourceTree = "<group>"; };
		C36318E616B2E1D2006BC6F1 /* en */ = {isa = PBXFileReference; lastKnownFileType = text.plist.strings; name = en; path = en.lproj/InfoPlist.strings; sourceTree = "<group>"; };
		C36318EB16B2E1D2006BC6F1 /* Info.plist */ = {isa = PBXFileReference; fileEncoding = 4; lastKnownFileType = text.plist.xml; path = Info.plist; sourceTree = "<group>"; };
		C36318FD16B2E22A006BC6F1 /* Icon-72.png */ = {isa = PBXFileReference; lastKnownFileType = image.png; path = "Icon-72.png"; sourceTree = "<group>"; };
		C36318FE16B2E22A006BC6F1 /* Icon-72@2x.png */ = {isa = PBXFileReference; lastKnownFileType = image.png; path = "Icon-72@2x.png"; sourceTree = "<group>"; };
		C36318FF16B2E22A006BC6F1 /* Icon.png */ = {isa = PBXFileReference; lastKnownFileType = image.png; path = Icon.png; sourceTree = "<group>"; };
		C363190016B2E22A006BC6F1 /* Icon@2x.png */ = {isa = PBXFileReference; lastKnownFileType = image.png; path = "Icon@2x.png"; sourceTree = "<group>"; };
		C363190616B2E317006BC6F1 /* BDKActionSheet.h */ = {isa = PBXFileReference; fileEncoding = 4; lastKnownFileType = sourcecode.c.h; path = BDKActionSheet.h; sourceTree = "<group>"; };
		C363190716B2E317006BC6F1 /* BDKActionSheet.m */ = {isa = PBXFileReference; fileEncoding = 4; lastKnownFileType = sourcecode.c.objc; path = BDKActionSheet.m; sourceTree = "<group>"; };
		C363190916B2E327006BC6F1 /* readme.markdown */ = {isa = PBXFileReference; fileEncoding = 4; lastKnownFileType = text; path = readme.markdown; sourceTree = "<group>"; };
		C363191316B2EA08006BC6F1 /* BDKGradientView.h */ = {isa = PBXFileReference; fileEncoding = 4; lastKnownFileType = sourcecode.c.h; path = BDKGradientView.h; sourceTree = "<group>"; };
		C363191416B2EA08006BC6F1 /* BDKGradientView.m */ = {isa = PBXFileReference; fileEncoding = 4; lastKnownFileType = sourcecode.c.objc; path = BDKGradientView.m; sourceTree = "<group>"; };
		C363191A16B2FC09006BC6F1 /* QuartzCore.framework */ = {isa = PBXFileReference; lastKnownFileType = wrapper.framework; name = QuartzCore.framework; path = System/Library/Frameworks/QuartzCore.framework; sourceTree = SDKROOT; };
/* End PBXFileReference section */

/* Begin PBXFrameworksBuildPhase section */
		C3328F2A16B2DAFF00451DAA /* Frameworks */ = {
			isa = PBXFrameworksBuildPhase;
			buildActionMask = 2147483647;
			files = (
				C363191B16B2FC09006BC6F1 /* QuartzCore.framework in Frameworks */,
				C3328F3216B2DAFF00451DAA /* UIKit.framework in Frameworks */,
				C3328F3416B2DAFF00451DAA /* Foundation.framework in Frameworks */,
				C3328F3616B2DAFF00451DAA /* CoreGraphics.framework in Frameworks */,
			);
			runOnlyForDeploymentPostprocessing = 0;
		};
/* End PBXFrameworksBuildPhase section */

/* Begin PBXGroup section */
		C3328F2216B2DAFF00451DAA = {
			isa = PBXGroup;
			children = (
				C363190516B2E30C006BC6F1 /* BDKActionSheet */,
				C36318D716B2E1BE006BC6F1 /* Classes */,
				C3328F3016B2DAFF00451DAA /* Frameworks */,
				C3328F2E16B2DAFF00451DAA /* Products */,
				C36318E116B2E1D2006BC6F1 /* Resources */,
				C363190916B2E327006BC6F1 /* readme.markdown */,
			);
			sourceTree = "<group>";
		};
		C3328F2E16B2DAFF00451DAA /* Products */ = {
			isa = PBXGroup;
			children = (
				C3328F2D16B2DAFF00451DAA /* BDKActionSheet.app */,
			);
			name = Products;
			sourceTree = "<group>";
		};
		C3328F3016B2DAFF00451DAA /* Frameworks */ = {
			isa = PBXGroup;
			children = (
				C363191A16B2FC09006BC6F1 /* QuartzCore.framework */,
				C3328F3116B2DAFF00451DAA /* UIKit.framework */,
				C3328F3316B2DAFF00451DAA /* Foundation.framework */,
				C3328F3516B2DAFF00451DAA /* CoreGraphics.framework */,
			);
			name = Frameworks;
			sourceTree = "<group>";
		};
		C36318D716B2E1BE006BC6F1 /* Classes */ = {
			isa = PBXGroup;
			children = (
				C36318D816B2E1CB006BC6F1 /* AppDelegate.h */,
				C36318D916B2E1CB006BC6F1 /* AppDelegate.m */,
				C36318DA16B2E1CB006BC6F1 /* BDKViewController.h */,
				C36318DB16B2E1CB006BC6F1 /* BDKViewController.m */,
				C36318DC16B2E1CB006BC6F1 /* main.m */,
				C36318DD16B2E1CB006BC6F1 /* Prefix.pch */,
			);
			name = Classes;
			sourceTree = "<group>";
		};
		C36318E116B2E1D2006BC6F1 /* Resources */ = {
			isa = PBXGroup;
			children = (
				C36318FD16B2E22A006BC6F1 /* Icon-72.png */,
				C36318FE16B2E22A006BC6F1 /* Icon-72@2x.png */,
				C36318FF16B2E22A006BC6F1 /* Icon.png */,
				C363190016B2E22A006BC6F1 /* Icon@2x.png */,
				C36318E216B2E1D2006BC6F1 /* Default-568h@2x.png */,
				C36318E316B2E1D2006BC6F1 /* Default.png */,
				C36318E416B2E1D2006BC6F1 /* Default@2x.png */,
				C36318E516B2E1D2006BC6F1 /* InfoPlist.strings */,
				C36318EB16B2E1D2006BC6F1 /* Info.plist */,
			);
			name = Resources;
			path = BDKActionSheet/Resources;
			sourceTree = "<group>";
		};
		C363190516B2E30C006BC6F1 /* BDKActionSheet */ = {
			isa = PBXGroup;
			children = (
				C363190616B2E317006BC6F1 /* BDKActionSheet.h */,
				C363190716B2E317006BC6F1 /* BDKActionSheet.m */,
				C363191316B2EA08006BC6F1 /* BDKGradientView.h */,
				C363191416B2EA08006BC6F1 /* BDKGradientView.m */,
			);
			name = BDKActionSheet;
			sourceTree = "<group>";
		};
/* End PBXGroup section */

/* Begin PBXNativeTarget section */
		C3328F2C16B2DAFF00451DAA /* BDKActionSheet */ = {
			isa = PBXNativeTarget;
			buildConfigurationList = C3328F5416B2DAFF00451DAA /* Build configuration list for PBXNativeTarget "BDKActionSheet" */;
			buildPhases = (
				C3328F2916B2DAFF00451DAA /* Sources */,
				C3328F2A16B2DAFF00451DAA /* Frameworks */,
				C3328F2B16B2DAFF00451DAA /* Resources */,
			);
			buildRules = (
			);
			dependencies = (
			);
			name = BDKActionSheet;
			productName = BDKActionSheet;
			productReference = C3328F2D16B2DAFF00451DAA /* BDKActionSheet.app */;
			productType = "com.apple.product-type.application";
		};
/* End PBXNativeTarget section */

/* Begin PBXProject section */
		C3328F2416B2DAFF00451DAA /* Project object */ = {
			isa = PBXProject;
			attributes = {
				CLASSPREFIX = BDK;
				LastUpgradeCheck = 0450;
				ORGANIZATIONNAME = "Ben Kreeger";
			};
			buildConfigurationList = C3328F2716B2DAFF00451DAA /* Build configuration list for PBXProject "BDKActionSheet" */;
			compatibilityVersion = "Xcode 3.2";
			developmentRegion = English;
			hasScannedForEncodings = 0;
			knownRegions = (
				en,
			);
			mainGroup = C3328F2216B2DAFF00451DAA;
			productRefGroup = C3328F2E16B2DAFF00451DAA /* Products */;
			projectDirPath = "";
			projectRoot = "";
			targets = (
				C3328F2C16B2DAFF00451DAA /* BDKActionSheet */,
			);
		};
/* End PBXProject section */

/* Begin PBXResourcesBuildPhase section */
		C3328F2B16B2DAFF00451DAA /* Resources */ = {
			isa = PBXResourcesBuildPhase;
			buildActionMask = 2147483647;
			files = (
				C36318EC16B2E1D2006BC6F1 /* Default-568h@2x.png in Resources */,
				C36318ED16B2E1D2006BC6F1 /* Default.png in Resources */,
				C36318EE16B2E1D2006BC6F1 /* Default@2x.png in Resources */,
				C36318EF16B2E1D2006BC6F1 /* InfoPlist.strings in Resources */,
				C363190116B2E22A006BC6F1 /* Icon-72.png in Resources */,
				C363190216B2E22A006BC6F1 /* Icon-72@2x.png in Resources */,
				C363190316B2E22A006BC6F1 /* Icon.png in Resources */,
				C363190416B2E22A006BC6F1 /* Icon@2x.png in Resources */,
			);
			runOnlyForDeploymentPostprocessing = 0;
		};
/* End PBXResourcesBuildPhase section */

/* Begin PBXSourcesBuildPhase section */
		C3328F2916B2DAFF00451DAA /* Sources */ = {
			isa = PBXSourcesBuildPhase;
			buildActionMask = 2147483647;
			files = (
				C36318DE16B2E1CB006BC6F1 /* AppDelegate.m in Sources */,
				C36318DF16B2E1CB006BC6F1 /* BDKViewController.m in Sources */,
				C36318E016B2E1CB006BC6F1 /* main.m in Sources */,
				C363190816B2E317006BC6F1 /* BDKActionSheet.m in Sources */,
				C363191516B2EA08006BC6F1 /* BDKGradientView.m in Sources */,
			);
			runOnlyForDeploymentPostprocessing = 0;
		};
/* End PBXSourcesBuildPhase section */

/* Begin PBXVariantGroup section */
		C36318E516B2E1D2006BC6F1 /* InfoPlist.strings */ = {
			isa = PBXVariantGroup;
			children = (
				C36318E616B2E1D2006BC6F1 /* en */,
			);
			name = InfoPlist.strings;
			sourceTree = "<group>";
		};
/* End PBXVariantGroup section */

/* Begin XCBuildConfiguration section */
		C3328F5216B2DAFF00451DAA /* Debug */ = {
			isa = XCBuildConfiguration;
			buildSettings = {
				ALWAYS_SEARCH_USER_PATHS = NO;
				CLANG_CXX_LANGUAGE_STANDARD = "gnu++0x";
				CLANG_CXX_LIBRARY = "libc++";
				CLANG_ENABLE_OBJC_ARC = YES;
				CLANG_WARN_EMPTY_BODY = YES;
				CLANG_WARN__DUPLICATE_METHOD_MATCH = YES;
				"CODE_SIGN_IDENTITY[sdk=iphoneos*]" = "iPhone Developer";
				COPY_PHASE_STRIP = NO;
				GCC_C_LANGUAGE_STANDARD = gnu99;
				GCC_DYNAMIC_NO_PIC = NO;
				GCC_OPTIMIZATION_LEVEL = 0;
				GCC_PREPROCESSOR_DEFINITIONS = (
					"DEBUG=1",
					"$(inherited)",
				);
				GCC_SYMBOLS_PRIVATE_EXTERN = NO;
				GCC_WARN_ABOUT_RETURN_TYPE = YES;
				GCC_WARN_UNINITIALIZED_AUTOS = YES;
				GCC_WARN_UNUSED_VARIABLE = YES;
				IPHONEOS_DEPLOYMENT_TARGET = 6.0;
				ONLY_ACTIVE_ARCH = YES;
				SDKROOT = iphoneos;
				TARGETED_DEVICE_FAMILY = "1,2";
			};
			name = Debug;
		};
		C3328F5316B2DAFF00451DAA /* Release */ = {
			isa = XCBuildConfiguration;
			buildSettings = {
				ALWAYS_SEARCH_USER_PATHS = NO;
				CLANG_CXX_LANGUAGE_STANDARD = "gnu++0x";
				CLANG_CXX_LIBRARY = "libc++";
				CLANG_ENABLE_OBJC_ARC = YES;
				CLANG_WARN_EMPTY_BODY = YES;
				CLANG_WARN__DUPLICATE_METHOD_MATCH = YES;
				"CODE_SIGN_IDENTITY[sdk=iphoneos*]" = "iPhone Developer";
				COPY_PHASE_STRIP = YES;
				GCC_C_LANGUAGE_STANDARD = gnu99;
				GCC_WARN_ABOUT_RETURN_TYPE = YES;
				GCC_WARN_UNINITIALIZED_AUTOS = YES;
				GCC_WARN_UNUSED_VARIABLE = YES;
				IPHONEOS_DEPLOYMENT_TARGET = 6.0;
				OTHER_CFLAGS = "-DNS_BLOCK_ASSERTIONS=1";
				SDKROOT = iphoneos;
				TARGETED_DEVICE_FAMILY = "1,2";
				VALIDATE_PRODUCT = YES;
			};
			name = Release;
		};
		C3328F5516B2DAFF00451DAA /* Debug */ = {
			isa = XCBuildConfiguration;
			buildSettings = {
				GCC_PRECOMPILE_PREFIX_HEADER = YES;
				GCC_PREFIX_HEADER = BDKActionSheet/Prefix.pch;
				INFOPLIST_FILE = "$(SRCROOT)/BDKActionSheet/Resources/Info.plist";
				IPHONEOS_DEPLOYMENT_TARGET = 5.0;
				PRODUCT_NAME = "$(TARGET_NAME)";
				WRAPPER_EXTENSION = app;
			};
			name = Debug;
		};
		C3328F5616B2DAFF00451DAA /* Release */ = {
			isa = XCBuildConfiguration;
			buildSettings = {
				GCC_PRECOMPILE_PREFIX_HEADER = YES;
				GCC_PREFIX_HEADER = BDKActionSheet/Prefix.pch;
				INFOPLIST_FILE = "$(SRCROOT)/BDKActionSheet/Resources/Info.plist";
				IPHONEOS_DEPLOYMENT_TARGET = 5.0;
				PRODUCT_NAME = "$(TARGET_NAME)";
				WRAPPER_EXTENSION = app;
			};
			name = Release;
		};
/* End XCBuildConfiguration section */

/* Begin XCConfigurationList section */
		C3328F2716B2DAFF00451DAA /* Build configuration list for PBXProject "BDKActionSheet" */ = {
			isa = XCConfigurationList;
			buildConfigurations = (
				C3328F5216B2DAFF00451DAA /* Debug */,
				C3328F5316B2DAFF00451DAA /* Release */,
			);
			defaultConfigurationIsVisible = 0;
			defaultConfigurationName = Release;
		};
		C3328F5416B2DAFF00451DAA /* Build configuration list for PBXNativeTarget "BDKActionSheet" */ = {
			isa = XCConfigurationList;
			buildConfigurations = (
				C3328F5516B2DAFF00451DAA /* Debug */,
				C3328F5616B2DAFF00451DAA /* Release */,
			);
			defaultConfigurationIsVisible = 0;
			defaultConfigurationName = Release;
		};
/* End XCConfigurationList section */
	};
	rootObject = C3328F2416B2DAFF00451DAA /* Project object */;
}
